dependencies:
- name: rstuf-api
  repository: file://../rstuf-api
  version: 0.1.0
- name: rstuf-worker
  repository: file://../rstuf-worker
  version: 0.1.0
- name: redis
  repository: https://charts.bitnami.com/bitnami
  version: 20.0.3
digest: sha256:4dfedcd910ee5ee5257a47595760a2c4e02bf21ebe787e625832da110ae1ce9e
generated: "2024-08-26T10:26:15.678499+02:00"
